{
  "originHash" : "2d33b954ae7ba759f9ee1b731f6ed9bd8c751dcb36cf0f067679364db68852a7",
  "pins" : [
    {
      "identity" : "preview-utilities",
      "kind" : "remoteSourceControl",
      "location" : "https://github.com/lopsae/preview-utilities.git",
      "state" : {
        "branch" : "feature/documentation-second-batch",
        "revision" : "21c5666e02f0530926329134b9411a8dd2950f94"
      }
    }
  ],
  "version" : 3
}
